publish:
  cmd: python -m spacy run publish
  script:
    - huggingface-cli login
    - spacy huggingface-hub push ../packages/hu_core_news_lg-0.1.0/dist/hu_core_news_lg-0.1.0-py3-none-any.whl
      --org spacy-hu --local-repo ../hub --msg "Update spacy pipeline to 0.1.0" --verbose
    - huggingface-cli logout
  deps:
    - path: ../packages/hu_core_news_lg-0.1.0/dist/hu_core_news_lg-0.1.0-py3-none-any.whl
      md5: cd7a70c3e13d61fb14ce53a22b75d76f
  outs: []
  spacy_version: 3.1.3
  spacy_git_version: 8bda39f08
preprocess_szegedcorpus:
  cmd: python -m spacy run preprocess_szegedcorpus
  script:
    - mkdir -p data/processed/SzegedCorpus
    - bash -c 'cat data/processed/UD_Hungarian-Szeged/train.conllu data/raw/SzegedCorpus/univdep.hu.train.proj.f.conllu
      > data/processed/SzegedCorpus/train.conllu'
    - cp data/processed/UD_Hungarian-Szeged/dev.conllu data/processed/SzegedCorpus/dev.conllu
    - cp data/processed/UD_Hungarian-Szeged/test.conllu data/processed/SzegedCorpus/test.conllu
    - python -m spacy convert data/processed/SzegedCorpus/train.conllu data/processed/SzegedCorpus
      --converter conllu --n-sents 10
    - python -m spacy convert data/processed/SzegedCorpus/dev.conllu data/processed/SzegedCorpus
      --converter conllu --n-sents 10
    - python -m spacy convert data/processed/SzegedCorpus/test.conllu data/processed/SzegedCorpus
      --converter conllu --n-sents 10
  deps:
    - path: data/raw/SzegedCorpus
      md5: ef3f8f60cc94af2d4754949334458b02
    - path: data/processed/UD_Hungarian-Szeged/train.conllu
      md5: 73477acd70dd7eee0bd20b94a72a209d
    - path: data/processed/UD_Hungarian-Szeged/dev.conllu
      md5: 84613664f7a44c90130bec74b9025679
    - path: data/processed/UD_Hungarian-Szeged/test.conllu
      md5: 0217565b143e052bb302dcb3c613f722
  outs:
    - path: data/processed/SzegedCorpus/train.conllup
      md5: null
    - path: data/processed/SzegedCorpus/dev.conllup
      md5: null
    - path: data/processed/SzegedCorpus/test.conllup
      md5: null
    - path: data/processed/SzegedCorpus/train.spacy
      md5: 66bed23e9d7afb0936c5422044d3bfc5
    - path: data/processed/SzegedCorpus/dev.spacy
      md5: b2289edd63741998c0f2fe74ab6cc05d
    - path: data/processed/SzegedCorpus/test.spacy
      md5: d5c8a378fe9a01376c2fc8822bfaecdd
  spacy_version: 3.5.3
  spacy_git_version: Unknown
preprocess_ud:
  cmd: python -m spacy run preprocess_ud
  script:
    - mkdir -p data/processed/UD_Hungarian-Szeged
    - bash -c "sed -E 's/(\w)(\+)(\w)/\1\3/' < data/raw/UD_Hungarian-Szeged/hu_szeged-ud-train.conllu
      > data/processed/UD_Hungarian-Szeged/train.conllu"
    - bash -c "sed -E 's/(\w)(\+)(\w)/\1\3/' < data/raw/UD_Hungarian-Szeged/hu_szeged-ud-dev.conllu
      > data/processed/UD_Hungarian-Szeged/dev.conllu"
    - bash -c "sed -E 's/(\w)(\+)(\w)/\1\3/' < data/raw/UD_Hungarian-Szeged/hu_szeged-ud-test.conllu
      > data/processed/UD_Hungarian-Szeged/test.conllu"
    - spacy convert data/processed/UD_Hungarian-Szeged/train.conllu data/processed/UD_Hungarian-Szeged/
      --converter conllu --n-sents 10 --merge-subtokens
    - spacy convert data/processed/UD_Hungarian-Szeged/dev.conllu data/processed/UD_Hungarian-Szeged/
      --converter conllu --n-sents 10 --merge-subtokens
    - spacy convert data/processed/UD_Hungarian-Szeged/test.conllu data/processed/UD_Hungarian-Szeged/
      --converter conllu --n-sents 10 --merge-subtokens
  deps:
    - path: data/raw/UD_Hungarian-Szeged/hu_szeged-ud-train.conllu
      md5: 1e38cdd04953e66a8c2065c07aa8cdf3
    - path: data/raw/UD_Hungarian-Szeged/hu_szeged-ud-dev.conllu
      md5: f6b52902bdd77523c566dbf3f33d9f73
    - path: data/raw/UD_Hungarian-Szeged/hu_szeged-ud-test.conllu
      md5: 604ae65223fa3d639e4a52aa6a41207a
  outs:
    - path: data/processed/UD_Hungarian-Szeged/train.conllu
      md5: 73477acd70dd7eee0bd20b94a72a209d
    - path: data/processed/UD_Hungarian-Szeged/dev.conllu
      md5: 84613664f7a44c90130bec74b9025679
    - path: data/processed/UD_Hungarian-Szeged/test.conllu
      md5: 0217565b143e052bb302dcb3c613f722
    - path: data/processed/UD_Hungarian-Szeged/train.spacy
      md5: a7d4f9b9155de86d34749f32b9d3ed42
    - path: data/processed/UD_Hungarian-Szeged/dev.spacy
      md5: b2289edd63741998c0f2fe74ab6cc05d
    - path: data/processed/UD_Hungarian-Szeged/test.spacy
      md5: d5c8a378fe9a01376c2fc8822bfaecdd
  spacy_version: 3.5.3
  spacy_git_version: Unknown
train_lemmatizer:
  cmd: python -m spacy run train_lemmatizer
  script:
    - lemmy train ../data/processed/SzegedCorpus/train.conllu ../models/lemmy-0.4.0.bin
    - lemmy evaluate ../models/lemmy-0.4.0.bin ../data/processed/SzegedCorpus/test.conllu
    - lemmy evaluate ../models/lemmy-0.4.0.bin ../data/raw/UD_Hungarian-Szeged/hu_szeged-ud-test.conllu
  deps:
    - path: ../data/processed/NerKor/train.conllup
      md5: 12373db2a748d3906c278db028889b40
    - path: ../data/processed/NerKor/test.conllup
      md5: 8009ac6a7b07ddcd0025a0250dae1623
    - path: ../data/raw/UD_Hungarian-Szeged/hu_szeged-ud-test.conllu
      md5: dc824da852ac546914c331b58b0eb8f8
  outs:
    - path: ../models/lemmy-0.4.0.bin
      md5: a6c3bee736a31ec47069405dc6b954b6
  spacy_version: 3.2.0
  spacy_git_version: 0fc3dee77
pretrain_tagger:
  cmd: python -m spacy run pretrain_tagger
  script:
    - spacy train configs/tagger.cfg --code ../huspacy/huspacy/components/edit_tree_lemmatizer.py
      --output models/hu_core_news_lg-tagger-3.5.2 --gpu-id 0 --nlp.lang=hu --training.logger.project_name
      hu_core_news_lg-3.5.2 --paths.vectors models/floret.vectors --paths.train data/processed/SzegedCorpus/train.spacy
      --paths.dev data/processed/UD_Hungarian-Szeged/dev.spacy
  deps:
    - path: data/processed/SzegedCorpus/train.spacy
      md5: 66bed23e9d7afb0936c5422044d3bfc5
    - path: data/processed/UD_Hungarian-Szeged/dev.spacy
      md5: b2289edd63741998c0f2fe74ab6cc05d
    - path: configs/tagger.cfg
      md5: c0c36ce8f866f12bf5d355ea449b130d
  outs:
    - path: models/hu_core_news_lg-tagger-3.5.2/model-best
      md5: d0e31d5aae16fa6520c59c4ef1e17c78
  spacy_version: 3.5.3
  spacy_git_version: Unknown
train_parser:
  cmd: python -m spacy run train_parser
  script:
    - spacy train configs/parser.cfg --code ../huspacy/huspacy/components/edit_tree_lemmatizer.py
      --output models/hu_core_news_lg-parser-3.5.2 --gpu-id 0 --nlp.lang=hu --training.logger.project_name
      hu_core_news_lg-3.5.2 --paths.vectors models/floret.vectors --paths.train data/processed/UD_Hungarian-Szeged/train.spacy
      --paths.dev data/processed/UD_Hungarian-Szeged/dev.spacy --paths.tagger_model
      models/hu_core_news_lg-tagger-3.5.2/model-best
  deps:
    - path: models/hu_core_news_lg-tagger-3.5.2/model-best
      md5: d0e31d5aae16fa6520c59c4ef1e17c78
    - path: data/processed/UD_Hungarian-Szeged/train.spacy
      md5: a7d4f9b9155de86d34749f32b9d3ed42
    - path: data/processed/UD_Hungarian-Szeged/dev.spacy
      md5: b2289edd63741998c0f2fe74ab6cc05d
    - path: configs/parser.cfg
      md5: 2aca6d1e085fc1f805e93eb945fa256f
  outs:
    - path: models/hu_core_news_lg-parser-3.5.2/model-best
      md5: a48dcbda33d42c41d4a809d970e27fd7
  spacy_version: 3.5.3
  spacy_git_version: Unknown
train_ner:
  cmd: python -m spacy run train_ner
  script:
    - spacy train configs/ner.cfg --code ../huspacy/huspacy/components/edit_tree_lemmatizer.py
      --output models/hu_core_news_lg-ner-3.5.2 --nlp.lang=hu --gpu-id 0 --training.logger.project_name
      hu_core_news_lg-3.5.2 --paths.vectors models/floret.vectors --paths.train data/processed/ner_merged/train.spacy
      --paths.dev data/processed/ner_merged/dev.spacy --paths.tagger_model models/hu_core_news_lg-tagger-3.5.2/model-best
  deps:
    - path: models/hu_core_news_lg-tagger-3.5.2/model-best
      md5: d0e31d5aae16fa6520c59c4ef1e17c78
    - path: data/processed/ner_merged/train.spacy
      md5: d51527b0d96e3d826b7d4e7d43ac9000
    - path: data/processed/ner_merged/dev.spacy
      md5: 856b25b3c2e9982e6517ec052bf637f0
    - path: data/processed/ner_merged/test.spacy
      md5: b32bb1f542d2db5898e6007a6bf27697
    - path: configs/ner.cfg
      md5: aedddc3459dc557d715f7a0f3d18f7be
  outs:
    - path: models/hu_core_news_lg-ner-3.5.2/model-best
      md5: e822d31c22d6681aa6df472a6decd315
  spacy_version: 3.5.3
  spacy_git_version: Unknown
assemble:
  cmd: python -m spacy run assemble
  script:
    - bash -c "PYTHONPATH=\"../huspacy\" spacy assemble configs/assemble.cfg models/hu_core_news_lg-3.5.2
      --code ../scripts/huspacy_components.py --paths.tagger_model models/hu_core_news_lg-tagger-3.5.2/model-best
      --paths.lemmatizer_lookups models/hu_core_news_lg-lookup-lemmatizer-3.5.2 --paths.parser_model
      models/hu_core_news_lg-parser-3.5.2/model-best --paths.ner_model models/hu_core_news_lg-ner-3.5.2/model-best"
  deps:
    - path: models/hu_core_news_lg-tagger-3.5.2/model-best
      md5: d0e31d5aae16fa6520c59c4ef1e17c78
    - path: models/hu_core_news_lg-lookup-lemmatizer-3.5.2/lookups.bin
      md5: b57351b91ec35b15ecfc412477213a6c
    - path: models/hu_core_news_lg-parser-3.5.2/model-best
      md5: 6335e04351d3d31e954015e136a05aea
    - path: models/hu_core_news_lg-ner-3.5.2/model-best
      md5: 49672a7683dd24bcfddc25944f718d8d
    - path: configs/assemble.cfg
      md5: a391bbf2e10593e15f5e42e88c9e07c3
    - path: ../scripts/huspacy_components.py
      md5: 33ee4922512057d3d3f9ff8adf06d6f4
  outs:
    - path: models/hu_core_news_lg-3.5.2
      md5: 385cfc44342634a5cad2fd6742b81a9a
  spacy_version: 3.5.3
  spacy_git_version: Unknown
package:
  cmd: python -m spacy run package
  script:
    - spacy package models/hu_core_news_lg-3.5.2 packages --code ../huspacy/huspacy/components/edit_tree_lemmatizer.py,../huspacy/huspacy/components/lemma_postprocessing.py,../huspacy/huspacy/components/lookup_lemmatizer.py
      --build 'wheel' --meta meta.json --name core_news_lg --version 3.5.2 --force
  deps:
    - path: models/hu_core_news_lg-3.5.2
      md5: 195d1eeb60d1afeeacc7a0d7fa8c20c9
    - path: ../huspacy/huspacy/components/edit_tree_lemmatizer.py
      md5: a1ad2266a442eb87fbf937e9d6184dbb
    - path: ../huspacy/huspacy/components/lemma_postprocessing.py
      md5: 7db55fb36743704af1997ae07da596e0
    - path: ../huspacy/huspacy/components/lookup_lemmatizer.py
      md5: f177f0e6d74c4cd049f9698533cfe5bb
    - path: meta.json
      md5: acd6887619325b2e767c3c47b953abc3
  outs:
    - path: packages/hu_core_news_lg-3.5.2/dist/hu_core_news_lg-3.5.2-py3-none-any.whl
      md5: e0fea9b3228e6b3f7eb6cf4867eda1b1
    - path: packages/hu_core_news_lg-3.5.2/hu_core_news_lg/hu_core_news_lg-3.5.2
      md5: 2c5081b0fe894efe54d673a0172a9906
  spacy_version: 3.5.3
  spacy_git_version: Unknown
evaluate_conll:
  cmd: python -m spacy run evaluate_conll
  script:
    - mkdir -p data/result
    - bash -c "PYTHONPATH=\"../huspacy\" python ../scripts/huspacyv3_benchmark.py
      raw-text data/processed/UD_Hungarian-Szeged/test.conllu --output-file data/result/ud_test.conllu
      --model-name models/hu_core_news_lg-3.5.2"
    - bash -c "python ../scripts/conll18_ud_eval.py data/processed/UD_Hungarian-Szeged/test.conllu
      data/result/ud_test.conllu -v | tee data/result/ud_test_conll18.log"
  deps:
    - path: models/hu_core_news_lg-3.5.2
      md5: 195d1eeb60d1afeeacc7a0d7fa8c20c9
    - path: ../scripts/huspacy_components.py
      md5: 33ee4922512057d3d3f9ff8adf06d6f4
    - path: data/processed/UD_Hungarian-Szeged/test.conllu
      md5: 0217565b143e052bb302dcb3c613f722
  outs:
    - path: data/result/ud_test.conllu
      md5: 32dd3eba0cd65294bd0393c439b7feb7
    - path: data/result/ud_test_conll18.log
      md5: 564ecf0035612748acbeea4e2cb11003
  spacy_version: 3.5.3
  spacy_git_version: Unknown
evaluate:
  cmd: python -m spacy run evaluate
  script:
    - bash -c "PYTHONPATH=\"../huspacy\" spacy evaluate models/hu_core_news_lg-3.5.2
      data/processed/UD_Hungarian-Szeged/test.spacy --gpu-id -1 --code ../scripts/huspacy_components.py
      --output models/eval-parser-hu_core_news_lg-3.5.2.json"
    - bash -c "PYTHONPATH=\"../huspacy\" spacy evaluate --gold-preproc --code ../scripts/huspacy_components.py
      --gpu-id -1 models/hu_core_news_lg-3.5.2 data/processed/ner_merged/test.spacy
      --output models/eval-ner-hu_core_news_lg-3.5.2.json"
    - python ../scripts/merge_eval_jsons.py models/eval-parser-hu_core_news_lg-3.5.2.json
      models/eval-ner-hu_core_news_lg-3.5.2.json models/hu_core_news_lg-3.5.2/meta.json
  deps:
    - path: models/hu_core_news_lg-3.5.2
      md5: 195d1eeb60d1afeeacc7a0d7fa8c20c9
    - path: data/processed/UD_Hungarian-Szeged/test.spacy
      md5: d5c8a378fe9a01376c2fc8822bfaecdd
    - path: data/processed/ner_merged/test.spacy
      md5: b32bb1f542d2db5898e6007a6bf27697
    - path: ../scripts/huspacy_components.py
      md5: 33ee4922512057d3d3f9ff8adf06d6f4
  outs:
    - path: models/eval-parser-hu_core_news_lg-3.5.2.json
      md5: 021e1a6ebea3a940d886919cf29dffd5
    - path: models/eval-ner-hu_core_news_lg-3.5.2.json
      md5: 6fc445e78c8bd6509df0a840f8aa56be
    - path: models/hu_core_news_lg-3.5.2/meta.json"
      md5: null
  spacy_version: 3.5.3
  spacy_git_version: Unknown
init_vectors:
  cmd: python -m spacy run init_vectors
  script:
    - spacy init vectors hu data/external/vectors.floret --mode floret models/floret.vectors
      -n hu_core_news_lg.vectors
  deps:
    - path: data/external/vectors.floret
      md5: 75a6f3e1832195ef64b894373f654e98
  outs:
    - path: models/floret.vectors
      md5: 822f7bdf605fe3fe557cea20d8c8541e
  spacy_version: 3.5.3
  spacy_git_version: Unknown
train_parser_ud:
  cmd: python -m spacy run train_parser_ud
  script:
    - spacy train configs/parser_ud.cfg --output ../models/hu_core_news_lg-parser-0.4.2
      --gpu-id -1 --nlp.lang=hu --training.logger.project_name hu_core_news_lg-0.4.2-v2
      --paths.vectors ../data/external/webcorpuswiki.word2vec.vec --paths.train ../data/processed/UD_Hungarian-Szeged/train.spacy
      --paths.dev ../data/processed/UD_Hungarian-Szeged/dev.spacy
  deps:
    - path: ../data/processed/UD_Hungarian-Szeged/train.spacy
      md5: ccb7f151ec17c3ba2178ecba612ceb09
    - path: ../data/processed/UD_Hungarian-Szeged/dev.spacy
      md5: bb3c652b9a8d69a085a42a5c13f6f0ca
    - path: configs/parser.cfg
      md5: 57f8990f95b8b209e0537c07e1ef5fcf
  outs:
    - path: ../models/hu_core_news_lg-parser-0.4.2/model-best
      md5: cfc6feb03949e2477880ff19f204e7ca
  spacy_version: 3.2.1
  spacy_git_version: 800737b41
train_lookup_lemmatizer:
  cmd: python -m spacy run train_lookup_lemmatizer
  script:
    - mkdir -p models/hu_core_news_lg-lookup-lemmatizer-3.5.2
    - bash -c "PYTHONPATH=\"../huspacy\" python ../scripts/train_lookup_lemmatizer.py
      data/processed/SzegedCorpus/train.conllu models/hu_core_news_lg-lookup-lemmatizer-3.5.2"
  deps:
    - path: data/processed/SzegedCorpus/train.conllu
      md5: 45aee7896b3a596fe744b813887b4e2b
  outs:
    - path: models/hu_core_news_lg-lookup-lemmatizer-3.5.2
      md5: b57351b91ec35b15ecfc412477213a6c
  spacy_version: 3.5.3
  spacy_git_version: Unknown
preprocess_nerkor:
  cmd: python -m spacy run preprocess_nerkor
  script:
    - mkdir -p data/processed/NerKor
    - python ../scripts/convert_to_conllu.py 'data/raw/NerKor/train-devel-test/devel/*/morph/*.conllup'
      data/processed/NerKor/dev.conllup
    - python ../scripts/convert_to_conllu.py 'data/raw/NerKor/train-devel-test/train/*/morph/*.conllup'
      data/processed/NerKor/train.conllup
    - python ../scripts/convert_to_conllu.py 'data/raw/NerKor/train-devel-test/test/*/morph/*.conllup'
      data/processed/NerKor/test.conllup
    - bash ../scripts/convert_nerkor2iob.sh data/raw/NerKor/train-devel-test/devel/*/*/*.conllup  data/processed/NerKor/dev.iob
    - bash ../scripts/convert_nerkor2iob.sh data/raw/NerKor/train-devel-test/train/*/*/*.conllup  data/processed/NerKor/train.iob
    - bash ../scripts/convert_nerkor2iob.sh data/raw/NerKor/train-devel-test/test/*/*/*.conllup  data/processed/NerKor/test.iob
    - spacy convert data/processed/NerKor/train.iob data/processed/NerKor --converter
      iob --n-sents 10
    - spacy convert data/processed/NerKor/dev.iob data/processed/NerKor --converter
      iob --n-sents 10
    - spacy convert data/processed/NerKor/test.iob data/processed/NerKor --converter
      iob --n-sents 10
  deps:
    - path: data/raw/NerKor
      md5: b950c6328675585a8377a7ef04ef6dd3
  outs:
    - path: data/processed/NerKor/train.iob
      md5: 92bbf42400b8a12654551d0c7b3e366d
    - path: data/processed/NerKor/dev.iob
      md5: 9ad09cb86ae88a9414d44cb094bbf70c
    - path: data/processed/NerKor/test.iob
      md5: 1e1389552b1df07e169251f6ce60cc0b
    - path: data/processed/NerKor/train.spacy
      md5: 3ab77f5b9b5e9b717cd87a12c3e15519
    - path: data/processed/NerKor/dev.spacy
      md5: cfe2a598a6de7b7a5f8bf3b40f873fa0
    - path: data/processed/NerKor/test.spacy
      md5: 3bb3f3cd7a8fd94eb8e69fe7d3ee2b68
  spacy_version: 3.5.3
  spacy_git_version: Unknown
preprocess_szegedner:
  cmd: python -m spacy run preprocess_szegedner
  script:
    - mkdir -p data/processed/SzegedNER
    - bash -c "awk -f  ../scripts/convert_iobes_2_iob2.awk < data/raw/SzegedNER/train.txt
      > data/processed/SzegedNER/train.iob"
    - bash -c "awk -f  ../scripts/convert_iobes_2_iob2.awk < data/raw/SzegedNER/valid.txt
      > data/processed/SzegedNER/dev.iob"
    - bash -c "awk -f  ../scripts/convert_iobes_2_iob2.awk < data/raw/SzegedNER/test.txt
      > data/processed/SzegedNER/test.iob"
    - spacy convert data/processed/SzegedNER/dev.iob data/processed/SzegedNER/ --converter
      iob --n-sents 10
    - spacy convert data/processed/SzegedNER/train.iob data/processed/SzegedNER/ --converter
      iob --n-sents 10
    - spacy convert data/processed/SzegedNER/test.iob data/processed/SzegedNER/ --converter
      iob --n-sents 10
  deps:
    - path: data/raw/SzegedNER/train.txt
      md5: ea8aaad6a130ebe604c45ecf76f3be2b
    - path: data/raw/SzegedNER/valid.txt
      md5: 284d02c61a6ce24bb9964ff07a1def95
    - path: data/raw/SzegedNER/test.txt
      md5: 7c37c80dac8ebd321086f57a272c074e
  outs:
    - path: data/processed/SzegedNER/train.iob
      md5: 65ba84abbbd01a91b28c98a0e8aba331
    - path: data/processed/SzegedNER/dev.iob
      md5: 8e35691e1da3ef6656755df8fa699b7a
    - path: data/processed/SzegedNER/test.iob
      md5: ea261aad4796bfcafaa0b622194af61f
    - path: data/processed/SzegedNER/train.spacy
      md5: fbcdafccec4869e84773794064d936e5
    - path: data/processed/SzegedNER/dev.spacy
      md5: 524c3ec6f6f22af2b56cc5730b1ef5fb
    - path: data/processed/SzegedNER/test.spacy
      md5: c89e1af255bfbf19778b44be70420ca1
  spacy_version: 3.5.3
  spacy_git_version: Unknown
preprocess_merge:
  cmd: python -m spacy run preprocess_merge
  script:
    - mkdir -p data/processed/ner_merged
    - bash -c 'cat data/processed/SzegedNER/train.iob data/processed/NerKor/train.iob
      > data/processed/ner_merged/train.iob'
    - bash -c 'cat data/processed/SzegedNER/dev.iob data/processed/NerKor/dev.iob
      > data/processed/ner_merged/dev.iob'
    - bash -c 'cat data/processed/SzegedNER/test.iob data/processed/NerKor/test.iob
      > data/processed/ner_merged/test.iob'
    - spacy convert data/processed/ner_merged/dev.iob data/processed/ner_merged/ --converter
      iob --n-sents 10
    - spacy convert data/processed/ner_merged/train.iob data/processed/ner_merged/
      --converter iob --n-sents 10
    - spacy convert data/processed/ner_merged/test.iob data/processed/ner_merged/
      --converter iob --n-sents 10
  deps:
    - path: data/processed/SzegedNER/train.iob
      md5: 65ba84abbbd01a91b28c98a0e8aba331
    - path: data/processed/SzegedNER/dev.iob
      md5: 8e35691e1da3ef6656755df8fa699b7a
    - path: data/processed/SzegedNER/test.iob
      md5: ea261aad4796bfcafaa0b622194af61f
    - path: data/processed/NerKor/train.iob
      md5: 92bbf42400b8a12654551d0c7b3e366d
    - path: data/processed/NerKor/dev.iob
      md5: 9ad09cb86ae88a9414d44cb094bbf70c
    - path: data/processed/NerKor/test.iob
      md5: 1e1389552b1df07e169251f6ce60cc0b
  outs:
    - path: data/processed/ner_merged/train.spacy
      md5: d51527b0d96e3d826b7d4e7d43ac9000
    - path: data/processed/ner_merged/dev.spacy
      md5: 856b25b3c2e9982e6517ec052bf637f0
    - path: data/processed/ner_merged/test.spacy
      md5: b32bb1f542d2db5898e6007a6bf27697
  spacy_version: 3.5.3
  spacy_git_version: Unknown
backup_models:
  cmd: python -m spacy run backup_models
  script:
    - bash ../scripts/backup.sh models/hu_core_news_lg-parser-3.5.2
    - bash ../scripts/backup.sh models/hu_core_news_lg-ner-3.5.2
  deps:
    - path: models/hu_core_news_lg-ner-3.5.2
      md5: null
    - path: models/hu_core_news_lg-parser-3.5.2
      md5: null
  outs: []
  spacy_version: 3.5.3
  spacy_git_version: Unknown
find_best_model:
  cmd: python -m spacy run find_best_model
  script:
    - rm -rf models/hu_core_news_lg-ner-3.5.2
    - python ../scripts/link_best_model.py models/hu_core_news_lg-ner-3.5.2 ents_f
    - rm -rf models/hu_core_news_lg-parser-3.5.2
    - python ../scripts/link_best_model.py models/hu_core_news_lg-parser-3.5.2 dep_las
  deps: []
  outs:
    - path: models/hu_core_news_lg-ner-3.5.2
      md5: 50662a7214f16bddbb07e2f1f148216e
    - path: models/hu_core_news_lg-parser-3.5.2
      md5: ae50e609f149135e377301b6733da9df
  spacy_version: 3.5.3
  spacy_git_version: Unknown
smoke_test:
  cmd: python -m spacy run smoke_test
  script:
    - bash -c "PYTHONPATH=\"../huspacy\" python ../scripts/smoke_test.py packages/hu_core_news_lg-3.5.2/hu_core_news_lg/hu_core_news_lg-3.5.2"
  deps:
    - path: packages/hu_core_news_lg-3.5.2/hu_core_news_lg/hu_core_news_lg-3.5.2
      md5: 2c5081b0fe894efe54d673a0172a9906
  outs: []
  spacy_version: 3.5.3
  spacy_git_version: Unknown
show_scores:
  cmd: python -m spacy run show_scores
  script:
    - bash -c "egrep '\"[a-z]+_(acc|.as|f)\"' packages/hu_core_news_lg-3.5.2/hu_core_news_lg/hu_core_news_lg-3.5.2/meta.json
      | tr -d '\",' | cut -c 5-"
  deps:
    - path: packages/hu_core_news_lg-3.5.2/hu_core_news_lg/hu_core_news_lg-3.5.2
      md5: 2c5081b0fe894efe54d673a0172a9906
  outs: []
  spacy_version: 3.5.3
  spacy_git_version: Unknown
