{
    "_meta": {
        "hash": {
            "sha256": "991c827904980d079141239c78cabb441ed7d7491470689ae7d9e0effc2f4a13"
        },
        "pipfile-spec": 6,
        "requires": {
            "python_version": "3.6"
        },
        "sources": [
            {
                "name": "pypi",
                "url": "https://pypi.org/simple",
                "verify_ssl": true
            }
        ]
    },
    "default": {
        "attrs": {
            "hashes": [
                "sha256:69c0dbf2ed392de1cb5ec704444b08a5ef81680a61cb899dc08127123af36a79",
                "sha256:f0b870f674851ecbfbbbd364d6b5cbdff9dcedbc7f3f5e18a6891057f21fe399"
            ],
            "version": "==19.1.0"
        },
        "bleach": {
            "hashes": [
                "sha256:213336e49e102af26d9cde77dd2d0397afabc5a6bf2fed985dc35b5d1e285a16",
                "sha256:3fdf7f77adcf649c9911387df51254b813185e32b2c6619f690b593a617e19fa"
            ],
            "version": "==3.1.0"
        },
        "blis": {
            "hashes": [
                "sha256:039129410a338be8db8cf48c54334bd7c30da7e72bad2741e59313b1d242814b",
                "sha256:058f9109aaea9d4f88cb623a44994d96c8cf36448de3e1bd30210628d6b52e9e",
                "sha256:278d7b95e56cf82a6bef91cd8283eadc9401f2d3bdbbf2cdfdb605cf9081c36e",
                "sha256:2d4ca1508fd6229c7994fc17ba324083a5b83f66612c8ea62623a41a1768b030",
                "sha256:51a54bad6175e9b154beeb628a879ed492ee2247c9e40c77bdf6fc772145130c",
                "sha256:886b313f96d4e268a0587e98c1637d963c73defa8de51e2e6b0d0bd00f16afbb",
                "sha256:9f12e6f1e4b10dbb1e0e34e98f60e8435058a60d544a009cb761351fe1d12cad",
                "sha256:a54d4fa1908d586f8bce9851a453cb89d1542e9aca65b8b88e9bb9432d626f80",
                "sha256:b9d6cef13d95e3752320cd942df25e09160a6f9dfc3d7b41af7cdc772ab18270",
                "sha256:d571464d195a950e60bf1547c8914d4da50952e06a0f38cea7b0829d0a4b985a",
                "sha256:d616d64c85e6be92d69a1410dc58146cb9603fd1eb148f9ee512b8fddfd789f6",
                "sha256:e477c7eaacf7dcccbb190a29559579efb287ecf5c2a9a7a6f9acb0452899f033",
                "sha256:e6ae1986625af86f90f111f9d2d284b9e45fddfe56cf40524cdd9417a6a33b87"
            ],
            "version": "==0.2.4"
        },
        "boto": {
            "hashes": [
                "sha256:147758d41ae7240dc989f0039f27da8ca0d53734be0eb869ef16e3adcfa462e8",
                "sha256:ea0d3b40a2d852767be77ca343b58a9e3a4b00d9db440efb8da74b4e58025e5a"
            ],
            "version": "==2.49.0"
        },
        "boto3": {
            "hashes": [
                "sha256:59782c178af2d5acf66315fe96b3cd1dc075109c0296c384e18a6c4143c0745d",
                "sha256:758787b5ad7c5e2aa2979b0671129491fbab00a7b84a26532cd6b9d073ed862b"
            ],
            "version": "==1.9.156"
        },
        "botocore": {
            "hashes": [
                "sha256:00b72bc2104a2f56513bc40ce380d0605262decc9fe3b2ce840da48f257598d7",
                "sha256:a12a817bf1faf36837bc2d371aacfb5c7c324e0e9f0b3af94b9930cfcd8d62ea"
            ],
            "version": "==1.12.156"
        },
        "certifi": {
            "hashes": [
                "sha256:59b7658e26ca9c7339e00f8f4636cdfe59d34fa37b9b04f6f9e9926b3cece1a5",
                "sha256:b26104d6835d1f5e49452a26eb2ff87fe7090b89dfcaee5ea2212697e1e1d7ae"
            ],
            "version": "==2019.3.9"
        },
        "chardet": {
            "hashes": [
                "sha256:84ab92ed1c4d4f16916e05906b6b75a6c0fb5db821cc65e70cbd64a3e2a5eaae",
                "sha256:fc323ffcaeaed0e0a02bf4d117757b98aed530d9ed4531e3e15460124c106691"
            ],
            "version": "==3.0.4"
        },
        "click": {
            "hashes": [
                "sha256:2335065e6395b9e67ca716de5f7526736bfa6ceead690adf616d925bdc622b13",
                "sha256:5b94b49521f6456670fdb30cd82a4eca9412788a93fa6dd6df72c94d5a8ff2d7"
            ],
            "index": "pypi",
            "version": "==7.0"
        },
        "conllu": {
            "hashes": [
                "sha256:2f5f169de1d3d629dbfb30c8f1077db3ce78f4d242d5bbdc9c773af703440add",
                "sha256:40ae56d4b3c8ba0dc01a13f8eb716dde16fa4c885e1ce8be1018c9a115b337cc"
            ],
            "index": "pypi",
            "version": "==1.3.1"
        },
        "cymem": {
            "hashes": [
                "sha256:081c652ae1aff4759813e93a2fc4df4ba410ce214a0e542988e24c62110d4cd0",
                "sha256:0e447fa4cb6dccd0b96257a798370a17bef3ec254a527230058e41816a777c04",
                "sha256:2c8267dcb15cc6ab318f01ceaf16b8440c0386ae44014d5b22fefe5b0398d05c",
                "sha256:46141111eedbb5b0d8c9386b00226a15f5727a1202b9095f4363d425f259267e",
                "sha256:4994c1f3e948bd58a6e38c905221680563b851983a15f1f01e5ff415d560d153",
                "sha256:584872fd3df176e50c90e37aaca6cb731ac0abcdea4f5b8ad77c30674cfaaa99",
                "sha256:6e3194135b21bb268030f3473beb8b674b356c330a9fa185dced2f5006cbd5ba",
                "sha256:71710ee0e946a6bd33c86dd9e71f95ad584c65e8bb02615f00ceb0d8348fb303",
                "sha256:741957f541fb8322de5a8c711d5d58f80d684225d2aec32fec92484cac931a52",
                "sha256:7f01ba6153427811cd7d35630081c69b32c188a1d330599a826ef3bf17edbd7c",
                "sha256:8d96e95902e781950d7c255b19364a1ed50a204843d63dd386b0abc5e6df5e44",
                "sha256:8dd169ece1629ec4db1a592321e3ae0a9bb62fda2052a351fc36871f314c3569",
                "sha256:8e6ad29636edd559b0dfe0a19c5cb5e6257461a5df90839e8c7710ddb005f4b4",
                "sha256:9935b233882732f03fd0fadbeb9e9aa672edcdd126e6d52c36d60adf1def8ea5",
                "sha256:a38b3229782411e4b23240f5f90000c4e7a834af88ed8763c66f8e4603db6b51",
                "sha256:a5966b3171bad9c84a2b19dccda5ab37ae8437c0709a6b72cb42b64ea76a4bd3",
                "sha256:ab88b1534f06df07262d9bc5efb3ba07948cdbe9a363eb9eaa4ad42fae6c7b5e",
                "sha256:b08b0dd7adafbff9f0fd7dc8dcad5f3ce6f23c126c81ad8d1666880cc94e6974",
                "sha256:ba47b571d480c0b76d282ff1634372070031d4998a46ae5d8305d49563b74ca6",
                "sha256:bf049dc9cf0d3aa4a48ba514b7f1699fb6f35b18ad8c6f018bd13e0bccd9d30c",
                "sha256:c46a122c524a3270ac5249f590ac2f75f1a83692a3d3a03479cea49de72a0a89",
                "sha256:c63337aa7e1ad4ec182cc7847c6d85390589fbbf1f9f67d1fde8133a9acb7fa8",
                "sha256:ec51273ea08a2c6389bc4dd6b5183354826d916b149a041f2f274431166191bc"
            ],
            "version": "==2.0.2"
        },
        "docutils": {
            "hashes": [
                "sha256:02aec4bd92ab067f6ff27a38a38a41173bf01bed8f89157768c1573f53e474a6",
                "sha256:51e64ef2ebfb29cae1faa133b3710143496eca21c530f3f71424d77687764274",
                "sha256:7a4bd47eaf6596e1295ecb11361139febe29b084a87bf005bf899f9a42edc3c6"
            ],
            "version": "==0.14"
        },
        "ftfy": {
            "hashes": [
                "sha256:84a1614190173bb447ac9d581e50185c6aa35b538754b6bedaba0cc0f83d8e80",
                "sha256:fa74757fb7cb444366fa6a79c2feabd40281a44dfbf6eaed492a804764ee26b2"
            ],
            "index": "pypi",
            "version": "==5.5.1"
        },
        "gensim": {
            "hashes": [
                "sha256:16990f0c6ea20c9ccad91f051af42921b902935e9fdb9e077103562721b45162",
                "sha256:16d21e0034a7d100832e4a3ad52a72ab5b46b2e78042da1f121b83af71574ac8",
                "sha256:1cd2b67366167a03ecc289b3065140edb9bd9820ee3323bd8786d76edf3c09ca",
                "sha256:2191d664471d948f7d6262138777a18d4b5ebaa6c67af970a0af4d94b26548a1",
                "sha256:2fd05a4ef53d3b82056da61a9b4aaff1ccacecc7ab323dc99981e6537396efad",
                "sha256:319777c2b0e5b37a2f1780e484257133f15f26d9cc1ab5740d2df00f87fa9a7d",
                "sha256:3fdd8b57221e4cbf951d34657a63731dd601a21df593f653f0e449b1abb9d657",
                "sha256:48ffbc762ea9813f11ef02b26961f5ae48a8ce3e72a22fa9a03cecbe44b8fef6",
                "sha256:593ec35a2dc96d19ba4e4e729dbb57838ce12a351f17491b71b9186509a868ef",
                "sha256:621fe72ee1bb0e16008c34f9f5ca6168bbfc82fc85907f7254974776e482e156",
                "sha256:89a95d662efd41829a7c43fad3657c1b4133df5c3a58e088f8cf07b78c011519",
                "sha256:af5e401ce0a978707911f2c5392e256bad2dd271cb4ed001a54ded4a6bc0542a",
                "sha256:b069f367744b3a315c5170ff5122664380eef188a911c94d1fe264a7984c9af8",
                "sha256:c7ea53afeaaf1f7e0040229e9fac6357bd8e045750843b054ab6abdfbcc53efb",
                "sha256:e72962139f26194fcb8c44adaebca86f167db57f5214b80eb3126a737a3a914f"
            ],
            "index": "pypi",
            "version": "==3.7.3"
        },
        "githubrelease": {
            "hashes": [
                "sha256:38d4e571b97953aa5652024ff9d913e34a3c9c2d3c94ffa006a646d55d1c784a",
                "sha256:e146dc03cc9d17bab87d8c9bd8eabf7503b8c1c00a808f21fd22dcfae2d63095"
            ],
            "index": "pypi",
            "version": "==1.5.8"
        },
        "idna": {
            "hashes": [
                "sha256:c357b3f628cf53ae2c4c05627ecc484553142ca23264e593d327bcde5e9c3407",
                "sha256:ea8b7f6188e6fa117537c3df7da9fc686d485087abf6ac197f9c46432f7e4a3c"
            ],
            "version": "==2.8"
        },
        "jmespath": {
            "hashes": [
                "sha256:3720a4b1bd659dd2eecad0666459b9788813e032b83e7ba58578e48254e0a0e6",
                "sha256:bde2aef6f44302dfb30320115b17d030798de8c4110e28d5cf6cf91a7a31074c"
            ],
            "version": "==0.9.4"
        },
        "jsonschema": {
            "hashes": [
                "sha256:0c0a81564f181de3212efa2d17de1910f8732fa1b71c42266d983cd74304e20d",
                "sha256:a5f6559964a3851f59040d3b961de5e68e70971afb88ba519d27e6a039efff1a"
            ],
            "version": "==3.0.1"
        },
        "lemmy": {
            "hashes": [
                "sha256:06f970c4e54b614cf740a7228778fbc62f01c366a544f7c86fecc7f1d2324b63",
                "sha256:0ed5fc3030f3858ebdc5c41b0c909963b5166121c855343912003b1b1c6b1603"
            ],
            "index": "pypi",
            "version": "==2.1.0"
        },
        "linkheader": {
            "hashes": [
                "sha256:7fbbc35c0ba3fbbc530571db7e1c886e7db3d718b29b345848ac9686f21b50c3"
            ],
            "version": "==0.4.3"
        },
        "murmurhash": {
            "hashes": [
                "sha256:27b908fe4bdb426f4e4e4a8821acbe0302915b2945e035ec9d8ca513e2a74b1f",
                "sha256:33405103fa8cde15d72ee525a03d5cfe2c7e4901133819754810986e29627d68",
                "sha256:386a9eed3cb27cb2cd4394b6521275ba04552642c2d9cab5c9fb42aa5a3325c0",
                "sha256:3af36a0dc9f13f6892d9b8b39a6a3ccf216cae5bce38adc7c2d145677987772f",
                "sha256:717196a04cdc80cc3103a3da17b2415a8a5e1d0d578b7079259386bf153b3258",
                "sha256:8a4ed95cd3456b43ea301679c7c39ade43fc18b844b37d0ba0ac0d6acbff8e0c",
                "sha256:a6c071b4b498bcea16a8dc8590cad81fa8d43821f34c74bc00f96499e2527073",
                "sha256:b0afe329701b59d02e56bc6cee7325af83e3fee9c299c615fc1df3202b4f886f",
                "sha256:ba766343bdbcb928039b8fff609e80ae7a5fd5ed7a4fc5af822224b63e0cbaff",
                "sha256:bf33490514d308bcc27ed240cb3eb114f1ec31af031535cd8f27659a7049bd52",
                "sha256:c7a646f6b07b033642b4f52ae2e45efd8b80780b3b90e8092a0cec935fbf81e2",
                "sha256:d696c394ebd164ca80b5871e2e9ad2f9fdbb81bd3c552c1d5f1e8ee694e6204a",
                "sha256:fe344face8d30a5a6aa26e5acf288aa2a8f0f32e05efdda3d314b4bf289ec2af"
            ],
            "version": "==1.0.2"
        },
        "numpy": {
            "hashes": [
                "sha256:0e2eed77804b2a6a88741f8fcac02c5499bba3953ec9c71e8b217fad4912c56c",
                "sha256:1c666f04553ef70fda54adf097dbae7080645435fc273e2397f26bbf1d127bbb",
                "sha256:1f46532afa7b2903bfb1b79becca2954c0a04389d19e03dc73f06b039048ac40",
                "sha256:315fa1b1dfc16ae0f03f8fd1c55f23fd15368710f641d570236f3d78af55e340",
                "sha256:3d5fcea4f5ed40c3280791d54da3ad2ecf896f4c87c877b113576b8280c59441",
                "sha256:48241759b99d60aba63b0e590332c600fc4b46ad597c9b0a53f350b871ef0634",
                "sha256:4b4f2924b36d857cf302aec369caac61e43500c17eeef0d7baacad1084c0ee84",
                "sha256:54fe3b7ed9e7eb928bbc4318f954d133851865f062fa4bbb02ef8940bc67b5d2",
                "sha256:5a8f021c70e6206c317974c93eaaf9bc2b56295b6b1cacccf88846e44a1f33fc",
                "sha256:754a6be26d938e6ca91942804eb209307b73f806a1721176278a6038869a1686",
                "sha256:771147e654e8b95eea1293174a94f34e2e77d5729ad44aefb62fbf8a79747a15",
                "sha256:78a6f89da87eeb48014ec652a65c4ffde370c036d780a995edaeb121d3625621",
                "sha256:7fde5c2a3a682a9e101e61d97696687ebdba47637611378b4127fe7e47fdf2bf",
                "sha256:80d99399c97f646e873dd8ce87c38cfdbb668956bbc39bc1e6cac4b515bba2a0",
                "sha256:88a72c1e45a0ae24d1f249a529d9f71fe82e6fa6a3fd61414b829396ec585900",
                "sha256:a4f4460877a16ac73302a9c077ca545498d9fe64e6a81398d8e1a67e4695e3df",
                "sha256:a61255a765b3ac73ee4b110b28fccfbf758c985677f526c2b4b39c48cc4b509d",
                "sha256:ab4896a8c910b9a04c0142871d8800c76c8a2e5ff44763513e1dd9d9631ce897",
                "sha256:abbd6b1c2ef6199f4b7ca9f818eb6b31f17b73a6110aadc4e4298c3f00fab24e",
                "sha256:b16d88da290334e33ea992c56492326ea3b06233a00a1855414360b77ca72f26",
                "sha256:b78a1defedb0e8f6ae1eb55fa6ac74ab42acc4569c3a2eacc2a407ee5d42ebcb",
                "sha256:cfef82c43b8b29ca436560d51b2251d5117818a8d1fb74a8384a83c096745dad",
                "sha256:d160e57731fcdec2beda807ebcabf39823c47e9409485b5a3a1db3a8c6ce763e"
            ],
            "version": "==1.16.3"
        },
        "pandas": {
            "hashes": [
                "sha256:071e42b89b57baa17031af8c6b6bbd2e9a5c68c595bc6bf9adabd7a9ed125d3b",
                "sha256:17450e25ae69e2e6b303817bdf26b2cd57f69595d8550a77c308be0cd0fd58fa",
                "sha256:17916d818592c9ec891cbef2e90f98cc85e0f1e89ed0924c9b5220dc3209c846",
                "sha256:2538f099ab0e9f9c9d09bbcd94b47fd889bad06dc7ae96b1ed583f1dc1a7a822",
                "sha256:366f30710172cb45a6b4f43b66c220653b1ea50303fbbd94e50571637ffb9167",
                "sha256:42e5ad741a0d09232efbc7fc648226ed93306551772fc8aecc6dce9f0e676794",
                "sha256:4e718e7f395ba5bfe8b6f6aaf2ff1c65a09bb77a36af6394621434e7cc813204",
                "sha256:4f919f409c433577a501e023943e582c57355d50a724c589e78bc1d551a535a2",
                "sha256:4fe0d7e6438212e839fc5010c78b822664f1a824c0d263fd858f44131d9166e2",
                "sha256:5149a6db3e74f23dc3f5a216c2c9ae2e12920aa2d4a5b77e44e5b804a5f93248",
                "sha256:627594338d6dd995cfc0bacd8e654cd9e1252d2a7c959449228df6740d737eb8",
                "sha256:83c702615052f2a0a7fb1dd289726e29ec87a27272d775cb77affe749cca28f8",
                "sha256:8c872f7fdf3018b7891e1e3e86c55b190e6c5cee70cab771e8f246c855001296",
                "sha256:90f116086063934afd51e61a802a943826d2aac572b2f7d55caaac51c13db5b5",
                "sha256:a3352bacac12e1fc646213b998bce586f965c9d431773d9e91db27c7c48a1f7d",
                "sha256:bcdd06007cca02d51350f96debe51331dec429ac8f93930a43eb8fb5639e3eb5",
                "sha256:c1bd07ebc15285535f61ddd8c0c75d0d6293e80e1ee6d9a8d73f3f36954342d0",
                "sha256:c9a4b7c55115eb278c19aa14b34fcf5920c8fe7797a09b7b053ddd6195ea89b3",
                "sha256:cc8fc0c7a8d5951dc738f1c1447f71c43734244453616f32b8aa0ef6013a5dfb",
                "sha256:d7b460bc316064540ce0c41c1438c416a40746fd8a4fb2999668bf18f3c4acf1"
            ],
            "index": "pypi",
            "version": "==0.24.2"
        },
        "pkginfo": {
            "hashes": [
                "sha256:7424f2c8511c186cd5424bbf31045b77435b37a8d604990b79d4e70d741148bb",
                "sha256:a6d9e40ca61ad3ebd0b72fbadd4fba16e4c0e4df0428c041e01e06eb6ee71f32"
            ],
            "version": "==1.5.0.1"
        },
        "plac": {
            "hashes": [
                "sha256:854693ad90367e8267112ffbb8955f57d6fdeac3191791dc9ffce80f87fd2370",
                "sha256:ba3f719a018175f0a15a6b04e6cc79c25fd563d348aacd320c3644d2a9baf89b"
            ],
            "version": "==0.9.6"
        },
        "preshed": {
            "hashes": [
                "sha256:0c9af79c7b825793f987d477627efb81afd23384ac791bebbc88a257342a77ab",
                "sha256:0ebc79431154bc5d12f97b3c93bc350af941702a44f0761dfcd395e970d693f8",
                "sha256:102e71dc841c979b2ece44ab05b2b0aa39c8039493ddac40dd22cf23e2484063",
                "sha256:15145b24eded01426544be829a6395d6c99e2d62f5f3b88a6e19087ebeef7237",
                "sha256:195674dfb4bcf18b26e448feaabdf61adcf028ae69ecaa075c0bdfaf62a19671",
                "sha256:38f7fbef59f89d3b2c8c3b102f9a7360cd73a33c829fdeb101c615b18ecc4686",
                "sha256:3aa411233dc230247ea4c4558062e5b2d59d41c697107a45fddbfe03e63f3e77",
                "sha256:3b8c7b607e6dce0843544cfe4f05355db0516fce8eca0c37d6b5f4f3680493bf",
                "sha256:4bda4153d46a603bc6ea65380dfa091d46700f664cb906c7f26a469be6c2a503",
                "sha256:541d7ed765d67512d6f9fa24fd01cc1d7a51c7ff2646362924f4db46813b485a",
                "sha256:593d23b9f851ae7a4d519ca4489dd2b352d833e08f5d35795d42a591b8badb54",
                "sha256:7f6fb8f4108abe958af892847ed50abe6f45aaf45a87853cc8154a7203e75d84",
                "sha256:7ff7f18af1f19ea666ac4fbf48842e6acd900fbfdc26bb9aad02f353ff932386",
                "sha256:9c0d503d8693bf1e08e0fa1cecbcd3253146abaa9a7501d7d583a72edd29fdd1",
                "sha256:9cefe818a97134c0ddf22ef76fced1c841ebd137c2895251c5d1310276c234b5",
                "sha256:9e603916a95dc524081d54c0a135611e6f68d787185d5df2b5ab3f076c3d1bd4",
                "sha256:a2acacceac79aa6d4b65125e20c7de78fbca1340a251854c87967acef1795490",
                "sha256:a3d592e7b265b4faf08c9b4d7493b9e8604e0ba8858cc9bd8c9aee41d3df2a3a",
                "sha256:b2030e68c6f539e6dd7bfcea032940042739ef05d50a2eb1d7af24e038971b0f",
                "sha256:bc894dc14d8567a5d6a1cded0a701da7fbb360b2124237fe8acde85333825aef",
                "sha256:c21d4d10cc0248ba3facbbbfbe63211ce921478a3d5db6de34de39ee1b3484e1",
                "sha256:dae01c74313965c487e0ec839e5f28d0c7df9bfd1d978aa5bada3f72ff20a9e5",
                "sha256:ee8068035684a4b382bebb3a3f270799360545baff9742b85e627a0a889e6850"
            ],
            "version": "==2.0.1"
        },
        "pygments": {
            "hashes": [
                "sha256:36586500a94cd97f8c2c19d251cdb78868d1a822e0e491bfc1d811766aedb772",
                "sha256:b437bc0d04dc36f1f5b3592985b3e0a3d0af46b7c39199231706d19a4ee63344"
            ],
            "version": "==2.4.1"
        },
        "pyrsistent": {
            "hashes": [
                "sha256:16692ee739d42cf5e39cef8d27649a8c1fdb7aa99887098f1460057c5eb75c3a"
            ],
            "version": "==0.15.2"
        },
        "python-dateutil": {
            "hashes": [
                "sha256:7e6584c74aeed623791615e26efd690f29817a27c73085b78e4bad02493df2fb",
                "sha256:c89805f6f4d64db21ed966fda138f8a5ed7a4fdbc1a8ee329ce1b74e3c74da9e"
            ],
            "markers": "python_version >= '2.7'",
            "version": "==2.8.0"
        },
        "pytz": {
            "hashes": [
                "sha256:303879e36b721603cc54604edcac9d20401bdbe31e1e4fdee5b9f98d5d31dfda",
                "sha256:d747dd3d23d77ef44c6a3526e274af6efeb0a6f1afd5a69ba4d5be4098c8e141"
            ],
            "version": "==2019.1"
        },
        "readme-renderer": {
            "hashes": [
                "sha256:bb16f55b259f27f75f640acf5e00cf897845a8b3e4731b5c1a436e4b8529202f",
                "sha256:c8532b79afc0375a85f10433eca157d6b50f7d6990f337fa498c96cd4bfc203d"
            ],
            "version": "==24.0"
        },
        "requests": {
            "hashes": [
                "sha256:11e007a8a2aa0323f5a921e9e6a2d7e4e67d9877e85773fba9ba6419025cbeb4",
                "sha256:9cf5292fcd0f598c671cfc1e0d7d1a7f13bb8085e9a590f48c010551dc6c4b31"
            ],
            "version": "==2.22.0"
        },
        "requests-toolbelt": {
            "hashes": [
                "sha256:380606e1d10dc85c3bd47bf5a6095f815ec007be7a8b69c878507068df059e6f",
                "sha256:968089d4584ad4ad7c171454f0a5c6dac23971e9472521ea3b6d49d610aa6fc0"
            ],
            "version": "==0.9.1"
        },
        "s3transfer": {
            "hashes": [
                "sha256:7b9ad3213bff7d357f888e0fab5101b56fa1a0548ee77d121c3a3dbfbef4cb2e",
                "sha256:f23d5cb7d862b104401d9021fc82e5fa0e0cf57b7660a1331425aab0c691d021"
            ],
            "version": "==0.2.0"
        },
        "scipy": {
            "hashes": [
                "sha256:03b1e0775edbe6a4c64effb05fff2ce1429b76d29d754aa5ee2d848b60033351",
                "sha256:09d008237baabf52a5d4f5a6fcf9b3c03408f3f61a69c404472a16861a73917e",
                "sha256:10325f0ffac2400b1ec09537b7e403419dcd25d9fee602a44e8a32119af9079e",
                "sha256:1db9f964ed9c52dc5bd6127f0dd90ac89791daa690a5665cc01eae185912e1ba",
                "sha256:409846be9d6bdcbd78b9e5afe2f64b2da5a923dd7c1cd0615ce589489533fdbb",
                "sha256:4907040f62b91c2e170359c3d36c000af783f0fa1516a83d6c1517cde0af5340",
                "sha256:6c0543f2fdd38dee631fb023c0f31c284a532d205590b393d72009c14847f5b1",
                "sha256:826b9f5fbb7f908a13aa1efd4b7321e36992f5868d5d8311c7b40cf9b11ca0e7",
                "sha256:a7695a378c2ce402405ea37b12c7a338a8755e081869bd6b95858893ceb617ae",
                "sha256:a84c31e8409b420c3ca57fd30c7589378d6fdc8d155d866a7f8e6e80dec6fd06",
                "sha256:adadeeae5500de0da2b9e8dd478520d0a9945b577b2198f2462555e68f58e7ef",
                "sha256:b283a76a83fe463c9587a2c88003f800e08c3929dfbeba833b78260f9c209785",
                "sha256:c19a7389ab3cd712058a8c3c9ffd8d27a57f3d84b9c91a931f542682bb3d269d",
                "sha256:c3bb4bd2aca82fb498247deeac12265921fe231502a6bc6edea3ee7fe6c40a7a",
                "sha256:c5ea60ece0c0c1c849025bfc541b60a6751b491b6f11dd9ef37ab5b8c9041921",
                "sha256:db61a640ca20f237317d27bc658c1fc54c7581ff7f6502d112922dc285bdabee"
            ],
            "version": "==1.3.0"
        },
        "six": {
            "hashes": [
                "sha256:3350809f0555b11f552448330d0b52d5f24c91a322ea4a15ef22629740f3761c",
                "sha256:d16a0141ec1a18405cd4ce8b4613101da75da0e9a7aec5bdd4fa804d0e0eba73"
            ],
            "version": "==1.12.0"
        },
        "smart-open": {
            "hashes": [
                "sha256:305aee26b4fcc68f6ef8a8a851f27335b8b81bb9f2f030fd2574276cb4052b09"
            ],
            "version": "==1.8.3"
        },
        "spacy": {
            "hashes": [
                "sha256:0d80b079c2badb741723bb99e866adb06ff0cff067435fbac8f862a55261a40e",
                "sha256:1c6242c08f075b72b4bc8eacda33f7ade0e132b2743548cc7fa18ebeea830e9d",
                "sha256:1e2face83bb83fc1ddc132577429dcfb247f4362680f16a9ac5b78a699a3ad98",
                "sha256:23b8382544afb5f0e8362c9d3c8a1dafa45b6a3b06a0663c3e48e6bcca7b91c0",
                "sha256:2edc25d517ed795afc799c72fe197b447d4ed2ec0152c1465f292e3b2d4bd558",
                "sha256:53d6185ca14435e9f1f93ef75ba5ff8fd5c6d96b948713d985f7b90629d582a0",
                "sha256:8fe4afa71f043aa068ab0ac4e572134f545c8f9a8988fce6fc9f5b4336b506a0",
                "sha256:9bd43fb037645c251744dd03fbc780dc657af94847c4b458bee7c236b892a238",
                "sha256:c5a61ea342f5b2a720ee593dd28b882741985c4c331deb3081b46c7f0cade8b1",
                "sha256:f828e6a0b6e38dbf903df73ed70813135f2bba637447ed1b7d2aaeb48b0df8c1"
            ],
            "index": "pypi",
            "version": "==2.1.4"
        },
        "srsly": {
            "hashes": [
                "sha256:02ea974c4b80f9ffdea4f953ffece5a8715e4e4b37d09192ab65cf4edfbf74d1",
                "sha256:061ade35556e51b2e1da6f8552be7a6327d2d02b69edf0aacc9f5c4319d495f1",
                "sha256:1bf6af7a86f34969a3997da09fc8c2f72ee02cd74ff40035e37c2f968776fa23",
                "sha256:1e4ef85bf133e384f465865ba4e0a14a52c4f2e4b46c763faf100339a06f09c4",
                "sha256:850399e43f4cefdcac7a913363b120ea084cb02fcfdbbde1bd37444804d7def4",
                "sha256:977aa6e5fd3f7e9d1c8fe7aeed841dfe3ede75dfce04255d4c670e663faaef2a",
                "sha256:abdc5b46866648b123517550582dc4c4b767b816ae54c44e5973bbebc3f0dab4",
                "sha256:ac0dbe6e715e1fe3536397a9e65ec8f3c624c99f45b6f30e87d220071ef84721",
                "sha256:b8646f0f7cf6fd1de4919ab456d9c030e09e74f741a0cecc941363414109ccdc",
                "sha256:b9dc81339c1ab969057e790d7b2a56fd4da87336785bd671c86520e8272e3663",
                "sha256:d7c91f59edc2ceeca70adf1b0a46d337234ff4fb7ca2b579ca41885f011b329f",
                "sha256:d906a2a3df1cac2cb4bf382b8aaf14e22df2ca3758eba0d3049723c851c8ebf0",
                "sha256:ecec49c9cdaae4594011666dd654e1e044e552f63bb3a62a1849c65a92ee302e",
                "sha256:ef7897050c04a313f2db99c9bcaf2f0c3c75609677683ca5a6e1e7a515325d72"
            ],
            "version": "==0.0.5"
        },
        "thinc": {
            "hashes": [
                "sha256:12c003b804fb93c64261a5010df0129f942234adb8f45d489a355a5315e06acf",
                "sha256:17f9ada01f1f77a5560bc16ec5a650dca08356b50727ded0df19f0dfb4a32a25",
                "sha256:26c9d54ffd90753feebbc462ae59939a9e3d2485ef24ed3dc1861c9b486fdbbe",
                "sha256:3258161fc2cefa4082f099dec3748f1dcef5e920df5e9d82258ea6ffec280b9a",
                "sha256:38a83b928cdc49c994852538f639b2a889681a0589c44b1a6fc3c899e5f36893",
                "sha256:3e76101a733bbb0b97d44bdbcb407678b9e2b487047acb6f4c19b72909a6b12f",
                "sha256:412f107c458d2951711b4d3ec53587244cd3acc032944e855f49cf94a1adc36e",
                "sha256:4948c10c61e627950900cdccf506eb7398d2b28f33cf72bb4b5d9c5c572925e7",
                "sha256:a8b2d7713a7dfc0b18b5c16db58ab6e015df14e4fbed0249ed49e630b2d6a86f",
                "sha256:ec99c2c65962157c7ee7b947d29f2775291860b81cba62c5bd9f92fdeca2d137",
                "sha256:f2386e66042218f19e511692926cef00a9646a3104d2efddfb5bec7b0388a83b",
                "sha256:fc0b37733591315afddee45823d4f6740f9b0567c1ba57a3a3c319669d1fcbad"
            ],
            "version": "==7.0.4"
        },
        "tqdm": {
            "hashes": [
                "sha256:0a860bf2683fdbb4812fe539a6c22ea3f1777843ea985cb8c3807db448a0f7ab",
                "sha256:e288416eecd4df19d12407d0c913cbf77aa8009d7fddb18f632aded3bdbdda6b"
            ],
            "version": "==4.32.1"
        },
        "twine": {
            "hashes": [
                "sha256:0fb0bfa3df4f62076cab5def36b1a71a2e4acb4d1fa5c97475b048117b1a6446",
                "sha256:d6c29c933ecfc74e9b1d9fa13aa1f87c5d5770e119f5a4ce032092f0ff5b14dc"
            ],
            "index": "pypi",
            "version": "==1.13.0"
        },
        "urllib3": {
            "hashes": [
                "sha256:b246607a25ac80bedac05c6f282e3cdaf3afb65420fd024ac94435cabe6e18d1",
                "sha256:dbe59173209418ae49d485b87d1681aefa36252ee85884c31346debd19463232"
            ],
            "markers": "python_version >= '3.4'",
            "version": "==1.25.3"
        },
        "wasabi": {
            "hashes": [
                "sha256:b4fbee9dd0c8f5cff6554c0463c565e2d52b7c844d7eccb477d29a6ff8567750",
                "sha256:f92c83e728bf1db6dc859ffc861afa328d2da8ef0c7a19300e5fb1bd5762b277"
            ],
            "version": "==0.2.2"
        },
        "wcwidth": {
            "hashes": [
                "sha256:3df37372226d6e63e1b1e1eda15c594bca98a22d33a23832a90998faa96bc65e",
                "sha256:f4ebe71925af7b40a864553f761ed559b43544f8f71746c2d756c7fe788ade7c"
            ],
            "version": "==0.1.7"
        },
        "webencodings": {
            "hashes": [
                "sha256:a0af1213f3c2226497a97e2b3aa01a7e4bee4f403f95be16fc9acd2947514a78",
                "sha256:b36a1c245f2d304965eb4e0a82848379241dc04b865afcc4aab16748587e1923"
            ],
            "version": "==0.5.1"
        }
    },
    "develop": {}
}
