init_vectors:
  cmd: python -m spacy run init_vectors
  script:
    - spacy init vectors hu data/external/vectors.floret --mode floret models/floret.vectors
      -n hu_core_news_md.vectors
  deps:
    - path: data/external/vectors.floret
      md5: 9a6de89bd57de32b2dabe3e0284e3ba7
  outs:
    - path: models/floret.vectors
      md5: 8735a18c7c78fbdf8c793d3f02661025
  spacy_version: 3.5.3
  spacy_git_version: Unknown
preprocess_ud:
  cmd: python -m spacy run preprocess_ud
  script:
    - mkdir -p data/processed/UD_Hungarian-Szeged
    - bash -c "sed -E 's/(\w)(\+)(\w)/\1\3/' < data/raw/UD_Hungarian-Szeged/hu_szeged-ud-train.conllu
      > data/processed/UD_Hungarian-Szeged/train.conllu"
    - bash -c "sed -E 's/(\w)(\+)(\w)/\1\3/' < data/raw/UD_Hungarian-Szeged/hu_szeged-ud-dev.conllu
      > data/processed/UD_Hungarian-Szeged/dev.conllu"
    - bash -c "sed -E 's/(\w)(\+)(\w)/\1\3/' < data/raw/UD_Hungarian-Szeged/hu_szeged-ud-test.conllu
      > data/processed/UD_Hungarian-Szeged/test.conllu"
    - spacy convert data/processed/UD_Hungarian-Szeged/train.conllu data/processed/UD_Hungarian-Szeged/
      --converter conllu --n-sents 10 --merge-subtokens
    - spacy convert data/processed/UD_Hungarian-Szeged/dev.conllu data/processed/UD_Hungarian-Szeged/
      --converter conllu --n-sents 10 --merge-subtokens
    - spacy convert data/processed/UD_Hungarian-Szeged/test.conllu data/processed/UD_Hungarian-Szeged/
      --converter conllu --n-sents 10 --merge-subtokens
  deps:
    - path: data/raw/UD_Hungarian-Szeged/hu_szeged-ud-train.conllu
      md5: 1e38cdd04953e66a8c2065c07aa8cdf3
    - path: data/raw/UD_Hungarian-Szeged/hu_szeged-ud-dev.conllu
      md5: f6b52902bdd77523c566dbf3f33d9f73
    - path: data/raw/UD_Hungarian-Szeged/hu_szeged-ud-test.conllu
      md5: 604ae65223fa3d639e4a52aa6a41207a
  outs:
    - path: data/processed/UD_Hungarian-Szeged/train.conllu
      md5: 73477acd70dd7eee0bd20b94a72a209d
    - path: data/processed/UD_Hungarian-Szeged/dev.conllu
      md5: 84613664f7a44c90130bec74b9025679
    - path: data/processed/UD_Hungarian-Szeged/test.conllu
      md5: 0217565b143e052bb302dcb3c613f722
    - path: data/processed/UD_Hungarian-Szeged/train.spacy
      md5: a7d4f9b9155de86d34749f32b9d3ed42
    - path: data/processed/UD_Hungarian-Szeged/dev.spacy
      md5: b2289edd63741998c0f2fe74ab6cc05d
    - path: data/processed/UD_Hungarian-Szeged/test.spacy
      md5: d5c8a378fe9a01376c2fc8822bfaecdd
  spacy_version: 3.5.3
  spacy_git_version: Unknown
preprocess_nerkor:
  cmd: python -m spacy run preprocess_nerkor
  script:
    - mkdir -p data/processed/NerKor
    - python ../scripts/convert_to_conllu.py 'data/raw/NerKor/train-devel-test/devel/*/morph/*.conllup'
      data/processed/NerKor/dev.conllup
    - python ../scripts/convert_to_conllu.py 'data/raw/NerKor/train-devel-test/train/*/morph/*.conllup'
      data/processed/NerKor/train.conllup
    - python ../scripts/convert_to_conllu.py 'data/raw/NerKor/train-devel-test/test/*/morph/*.conllup'
      data/processed/NerKor/test.conllup
    - bash ../scripts/convert_nerkor2iob.sh data/raw/NerKor/train-devel-test/devel/*/*/*.conllup  data/processed/NerKor/dev.iob
    - bash ../scripts/convert_nerkor2iob.sh data/raw/NerKor/train-devel-test/train/*/*/*.conllup  data/processed/NerKor/train.iob
    - bash ../scripts/convert_nerkor2iob.sh data/raw/NerKor/train-devel-test/test/*/*/*.conllup  data/processed/NerKor/test.iob
    - spacy convert data/processed/NerKor/train.iob data/processed/NerKor --converter
      iob --n-sents 10
    - spacy convert data/processed/NerKor/dev.iob data/processed/NerKor --converter
      iob --n-sents 10
    - spacy convert data/processed/NerKor/test.iob data/processed/NerKor --converter
      iob --n-sents 10
  deps:
    - path: data/raw/NerKor
      md5: b950c6328675585a8377a7ef04ef6dd3
  outs:
    - path: data/processed/NerKor/train.iob
      md5: 92bbf42400b8a12654551d0c7b3e366d
    - path: data/processed/NerKor/dev.iob
      md5: 9ad09cb86ae88a9414d44cb094bbf70c
    - path: data/processed/NerKor/test.iob
      md5: 1e1389552b1df07e169251f6ce60cc0b
    - path: data/processed/NerKor/train.spacy
      md5: 3ab77f5b9b5e9b717cd87a12c3e15519
    - path: data/processed/NerKor/dev.spacy
      md5: cfe2a598a6de7b7a5f8bf3b40f873fa0
    - path: data/processed/NerKor/test.spacy
      md5: 3bb3f3cd7a8fd94eb8e69fe7d3ee2b68
  spacy_version: 3.5.3
  spacy_git_version: Unknown
preprocess_szegedcorpus:
  cmd: python -m spacy run preprocess_szegedcorpus
  script:
    - mkdir -p data/processed/SzegedCorpus
    - bash -c 'cat data/processed/UD_Hungarian-Szeged/train.conllu data/raw/SzegedCorpus/univdep.hu.train.proj.f.conllu
      > data/processed/SzegedCorpus/train.conllu'
    - cp data/processed/UD_Hungarian-Szeged/dev.conllu data/processed/SzegedCorpus/dev.conllu
    - cp data/processed/UD_Hungarian-Szeged/test.conllu data/processed/SzegedCorpus/test.conllu
    - python -m spacy convert data/processed/SzegedCorpus/train.conllu data/processed/SzegedCorpus
      --converter conllu --n-sents 10
    - python -m spacy convert data/processed/SzegedCorpus/dev.conllu data/processed/SzegedCorpus
      --converter conllu --n-sents 10
    - python -m spacy convert data/processed/SzegedCorpus/test.conllu data/processed/SzegedCorpus
      --converter conllu --n-sents 10
  deps:
    - path: data/raw/SzegedCorpus
      md5: ef3f8f60cc94af2d4754949334458b02
    - path: data/processed/UD_Hungarian-Szeged/train.conllu
      md5: 73477acd70dd7eee0bd20b94a72a209d
    - path: data/processed/UD_Hungarian-Szeged/dev.conllu
      md5: 84613664f7a44c90130bec74b9025679
    - path: data/processed/UD_Hungarian-Szeged/test.conllu
      md5: 0217565b143e052bb302dcb3c613f722
  outs:
    - path: data/processed/SzegedCorpus/train.conllup
      md5: null
    - path: data/processed/SzegedCorpus/dev.conllup
      md5: null
    - path: data/processed/SzegedCorpus/test.conllup
      md5: null
    - path: data/processed/SzegedCorpus/train.spacy
      md5: 66bed23e9d7afb0936c5422044d3bfc5
    - path: data/processed/SzegedCorpus/dev.spacy
      md5: b2289edd63741998c0f2fe74ab6cc05d
    - path: data/processed/SzegedCorpus/test.spacy
      md5: d5c8a378fe9a01376c2fc8822bfaecdd
  spacy_version: 3.5.3
  spacy_git_version: Unknown
preprocess_szegedner:
  cmd: python -m spacy run preprocess_szegedner
  script:
    - mkdir -p data/processed/SzegedNER
    - bash -c "awk -f  ../scripts/convert_iobes_2_iob2.awk < data/raw/SzegedNER/train.txt
      > data/processed/SzegedNER/train.iob"
    - bash -c "awk -f  ../scripts/convert_iobes_2_iob2.awk < data/raw/SzegedNER/valid.txt
      > data/processed/SzegedNER/dev.iob"
    - bash -c "awk -f  ../scripts/convert_iobes_2_iob2.awk < data/raw/SzegedNER/test.txt
      > data/processed/SzegedNER/test.iob"
    - spacy convert data/processed/SzegedNER/dev.iob data/processed/SzegedNER/ --converter
      iob --n-sents 10
    - spacy convert data/processed/SzegedNER/train.iob data/processed/SzegedNER/ --converter
      iob --n-sents 10
    - spacy convert data/processed/SzegedNER/test.iob data/processed/SzegedNER/ --converter
      iob --n-sents 10
  deps:
    - path: data/raw/SzegedNER/train.txt
      md5: ea8aaad6a130ebe604c45ecf76f3be2b
    - path: data/raw/SzegedNER/valid.txt
      md5: 284d02c61a6ce24bb9964ff07a1def95
    - path: data/raw/SzegedNER/test.txt
      md5: 7c37c80dac8ebd321086f57a272c074e
  outs:
    - path: data/processed/SzegedNER/train.iob
      md5: 65ba84abbbd01a91b28c98a0e8aba331
    - path: data/processed/SzegedNER/dev.iob
      md5: 8e35691e1da3ef6656755df8fa699b7a
    - path: data/processed/SzegedNER/test.iob
      md5: ea261aad4796bfcafaa0b622194af61f
    - path: data/processed/SzegedNER/train.spacy
      md5: fbcdafccec4869e84773794064d936e5
    - path: data/processed/SzegedNER/dev.spacy
      md5: 524c3ec6f6f22af2b56cc5730b1ef5fb
    - path: data/processed/SzegedNER/test.spacy
      md5: c89e1af255bfbf19778b44be70420ca1
  spacy_version: 3.5.3
  spacy_git_version: Unknown
preprocess_merge:
  cmd: python -m spacy run preprocess_merge
  script:
    - mkdir -p data/processed/ner_merged
    - bash -c 'cat data/processed/SzegedNER/train.iob data/processed/NerKor/train.iob
      > data/processed/ner_merged/train.iob'
    - bash -c 'cat data/processed/SzegedNER/dev.iob data/processed/NerKor/dev.iob
      > data/processed/ner_merged/dev.iob'
    - bash -c 'cat data/processed/SzegedNER/test.iob data/processed/NerKor/test.iob
      > data/processed/ner_merged/test.iob'
    - spacy convert data/processed/ner_merged/dev.iob data/processed/ner_merged/ --converter
      iob --n-sents 10
    - spacy convert data/processed/ner_merged/train.iob data/processed/ner_merged/
      --converter iob --n-sents 10
    - spacy convert data/processed/ner_merged/test.iob data/processed/ner_merged/
      --converter iob --n-sents 10
  deps:
    - path: data/processed/SzegedNER/train.iob
      md5: 65ba84abbbd01a91b28c98a0e8aba331
    - path: data/processed/SzegedNER/dev.iob
      md5: 8e35691e1da3ef6656755df8fa699b7a
    - path: data/processed/SzegedNER/test.iob
      md5: ea261aad4796bfcafaa0b622194af61f
    - path: data/processed/NerKor/train.iob
      md5: 92bbf42400b8a12654551d0c7b3e366d
    - path: data/processed/NerKor/dev.iob
      md5: 9ad09cb86ae88a9414d44cb094bbf70c
    - path: data/processed/NerKor/test.iob
      md5: 1e1389552b1df07e169251f6ce60cc0b
  outs:
    - path: data/processed/ner_merged/train.spacy
      md5: d51527b0d96e3d826b7d4e7d43ac9000
    - path: data/processed/ner_merged/dev.spacy
      md5: 856b25b3c2e9982e6517ec052bf637f0
    - path: data/processed/ner_merged/test.spacy
      md5: b32bb1f542d2db5898e6007a6bf27697
  spacy_version: 3.5.3
  spacy_git_version: Unknown
pretrain_tagger_lemmatizer:
  cmd: python -m spacy run pretrain_tagger_lemmatizer
  script:
    - spacy train configs/tagger.cfg --output models/hu_core_news_md-tagger-etl-3.4.0
      --gpu-id 1 --nlp.lang=hu --training.logger.project_name hu_core_news_md-3.4.0
      --paths.vectors models/floret.vectors --paths.train data/processed/SzegedCorpus/train.spacy
      --paths.dev data/processed/UD_Hungarian-Szeged/dev.spacy
  deps:
    - path: data/processed/SzegedCorpus/train.spacy
      md5: 972de9845960e59e7bcff9959278c220
    - path: data/processed/UD_Hungarian-Szeged/dev.spacy
      md5: e5a71f5542588fa923ddc29e7e37babc
    - path: configs/tagger.cfg
      md5: 8c7819621a049ee4e1baf9d68cb65e66
  outs:
    - path: models/hu_core_news_md-tagger-etl-3.4.0/model-best
      md5: 9a54e200a1a394ebe81293afa55e91ab
  spacy_version: 3.4.0
  spacy_git_version: Unknown
train_lookup_lemmatizer:
  cmd: python -m spacy run train_lookup_lemmatizer
  script:
    - mkdir -p models/hu_core_news_md-lookup-lemmatizer-3.5.2
    - bash -c "PYTHONPATH=\"../huspacy\" python ../scripts/train_lookup_lemmatizer.py
      data/processed/SzegedCorpus/train.conllu models/hu_core_news_md-lookup-lemmatizer-3.5.2"
  deps:
    - path: data/processed/SzegedCorpus/train.conllu
      md5: 45aee7896b3a596fe744b813887b4e2b
  outs:
    - path: models/hu_core_news_md-lookup-lemmatizer-3.5.2
      md5: b57351b91ec35b15ecfc412477213a6c
  spacy_version: 3.5.3
  spacy_git_version: Unknown
train_parser:
  cmd: python -m spacy run train_parser
  script:
    - spacy train configs/parser.cfg --code ../huspacy/huspacy/components/edit_tree_lemmatizer.py
      --output models/hu_core_news_md-parser-3.5.2 --gpu-id 1 --nlp.lang=hu --training.logger.project_name
      hu_core_news_md-3.5.2 --paths.vectors models/floret.vectors --paths.train data/processed/UD_Hungarian-Szeged/train.spacy
      --paths.dev data/processed/UD_Hungarian-Szeged/dev.spacy --paths.tagger_model
      models/hu_core_news_md-tagger-3.5.2/model-best
  deps:
    - path: models/hu_core_news_md-tagger-3.5.2/model-best
      md5: f73574f6d8b04cfc1f9100697e950add
    - path: data/processed/UD_Hungarian-Szeged/train.spacy
      md5: a7d4f9b9155de86d34749f32b9d3ed42
    - path: data/processed/UD_Hungarian-Szeged/dev.spacy
      md5: b2289edd63741998c0f2fe74ab6cc05d
    - path: configs/parser.cfg
      md5: cc1570d168d67ea1b299c2644d4c2977
  outs:
    - path: models/hu_core_news_md-parser-3.5.2/model-best
      md5: ae739b975c43d571ea018855b2dc8518
  spacy_version: 3.5.3
  spacy_git_version: Unknown
train_ner:
  cmd: python -m spacy run train_ner
  script:
    - spacy train configs/ner.cfg --code ../huspacy/huspacy/components/edit_tree_lemmatizer.py
      --output models/hu_core_news_md-ner-3.5.2 --nlp.lang=hu --gpu-id 1 --training.logger.project_name
      hu_core_news_md-3.5.2 --paths.vectors models/floret.vectors --paths.train data/processed/ner_merged/train.spacy
      --paths.dev data/processed/ner_merged/dev.spacy --paths.tagger_model models/hu_core_news_md-tagger-3.5.2/model-best
  deps:
    - path: models/hu_core_news_md-tagger-3.5.2/model-best
      md5: f73574f6d8b04cfc1f9100697e950add
    - path: data/processed/ner_merged/train.spacy
      md5: d51527b0d96e3d826b7d4e7d43ac9000
    - path: data/processed/ner_merged/dev.spacy
      md5: 856b25b3c2e9982e6517ec052bf637f0
    - path: data/processed/ner_merged/test.spacy
      md5: b32bb1f542d2db5898e6007a6bf27697
    - path: configs/ner.cfg
      md5: ed10fbe4c24ba8b142de444972860e35
  outs:
    - path: models/hu_core_news_md-ner-3.5.2/model-best
      md5: 792479b4a9c30c1d2af8e324230a06cb
  spacy_version: 3.5.3
  spacy_git_version: Unknown
assemble:
  cmd: python -m spacy run assemble
  script:
    - bash -c "PYTHONPATH=\"../huspacy\" spacy assemble configs/assemble.cfg models/hu_core_news_md-3.5.2
      --code ../scripts/huspacy_components.py --paths.tagger_model models/hu_core_news_md-tagger-3.5.2/model-best
      --paths.lemmatizer_lookups models/hu_core_news_md-lookup-lemmatizer-3.5.2 --paths.parser_model
      models/hu_core_news_md-parser-3.5.2/model-best --paths.ner_model models/hu_core_news_md-ner-3.5.2/model-best"
  deps:
    - path: models/hu_core_news_md-tagger-3.5.2/model-best
      md5: f73574f6d8b04cfc1f9100697e950add
    - path: models/hu_core_news_md-lookup-lemmatizer-3.5.2/lookups.bin
      md5: b57351b91ec35b15ecfc412477213a6c
    - path: models/hu_core_news_md-parser-3.5.2/model-best
      md5: ae739b975c43d571ea018855b2dc8518
    - path: models/hu_core_news_md-ner-3.5.2/model-best
      md5: 792479b4a9c30c1d2af8e324230a06cb
    - path: configs/assemble.cfg
      md5: a391bbf2e10593e15f5e42e88c9e07c3
    - path: ../scripts/huspacy_components.py
      md5: 33ee4922512057d3d3f9ff8adf06d6f4
  outs:
    - path: models/hu_core_news_md-3.5.2
      md5: b75031cf9adb3f562389095d8b3a453c
  spacy_version: 3.5.3
  spacy_git_version: Unknown
evaluate:
  cmd: python -m spacy run evaluate
  script:
    - bash -c "PYTHONPATH=\"../huspacy\" spacy evaluate models/hu_core_news_md-3.5.2
      data/processed/UD_Hungarian-Szeged/test.spacy --gpu-id -1 --code ../scripts/huspacy_components.py
      --output models/eval-parser-hu_core_news_md-3.5.2.json"
    - bash -c "PYTHONPATH=\"../huspacy\" spacy evaluate --gold-preproc --code ../scripts/huspacy_components.py
      --gpu-id -1 models/hu_core_news_md-3.5.2 data/processed/ner_merged/test.spacy
      --output models/eval-ner-hu_core_news_md-3.5.2.json"
    - python ../scripts/merge_eval_jsons.py models/eval-parser-hu_core_news_md-3.5.2.json
      models/eval-ner-hu_core_news_md-3.5.2.json models/hu_core_news_md-3.5.2/meta.json
  deps:
    - path: models/hu_core_news_md-3.5.2
      md5: 4c99ff2f1b56562f95eb3f72368e9a4f
    - path: data/processed/UD_Hungarian-Szeged/test.spacy
      md5: d5c8a378fe9a01376c2fc8822bfaecdd
    - path: data/processed/ner_merged/test.spacy
      md5: b32bb1f542d2db5898e6007a6bf27697
    - path: ../scripts/huspacy_components.py
      md5: 33ee4922512057d3d3f9ff8adf06d6f4
  outs:
    - path: models/eval-parser-hu_core_news_md-3.5.2.json
      md5: da8a09034413941a85a902718fc471d7
    - path: models/eval-ner-hu_core_news_md-3.5.2.json
      md5: b47453dff41e95d75489c68981b0394c
    - path: models/hu_core_news_md-3.5.2/meta.json"
      md5: null
  spacy_version: 3.5.3
  spacy_git_version: Unknown
evaluate_conll:
  cmd: python -m spacy run evaluate_conll
  script:
    - mkdir -p data/result
    - bash -c "PYTHONPATH=\"../huspacy\" python ../scripts/huspacyv3_benchmark.py
      raw-text data/processed/UD_Hungarian-Szeged/test.conllu --output-file data/result/ud_test.conllu
      --model-name models/hu_core_news_md-3.5.2"
    - bash -c "python ../scripts/conll18_ud_eval.py data/processed/UD_Hungarian-Szeged/test.conllu
      data/result/ud_test.conllu -v | tee data/result/ud_test_conll18.log"
  deps:
    - path: models/hu_core_news_md-3.5.2
      md5: 4c99ff2f1b56562f95eb3f72368e9a4f
    - path: ../scripts/huspacy_components.py
      md5: 33ee4922512057d3d3f9ff8adf06d6f4
    - path: data/processed/UD_Hungarian-Szeged/test.conllu
      md5: 0217565b143e052bb302dcb3c613f722
  outs:
    - path: data/result/ud_test.conllu
      md5: 5762fe297d565bc037b20a8e99a149fb
    - path: data/result/ud_test_conll18.log
      md5: 6919b20a455792b9761c7baf68b7e10c
  spacy_version: 3.5.3
  spacy_git_version: Unknown
pretrain_tagger:
  cmd: python -m spacy run pretrain_tagger
  script:
    - spacy train configs/tagger.cfg --code ../huspacy/huspacy/components/edit_tree_lemmatizer.py
      --output models/hu_core_news_md-tagger-3.5.2 --gpu-id 1 --nlp.lang=hu --training.logger.project_name
      hu_core_news_md-3.5.2 --paths.vectors models/floret.vectors --paths.train data/processed/SzegedCorpus/train.spacy
      --paths.dev data/processed/UD_Hungarian-Szeged/dev.spacy
  deps:
    - path: data/processed/SzegedCorpus/train.spacy
      md5: 66bed23e9d7afb0936c5422044d3bfc5
    - path: data/processed/UD_Hungarian-Szeged/dev.spacy
      md5: b2289edd63741998c0f2fe74ab6cc05d
    - path: configs/tagger.cfg
      md5: af733972f2cdaa0919fcb335b2e8faf3
  outs:
    - path: models/hu_core_news_md-tagger-3.5.2/model-best
      md5: f73574f6d8b04cfc1f9100697e950add
  spacy_version: 3.5.3
  spacy_git_version: Unknown
backup_models:
  cmd: python -m spacy run backup_models
  script:
    - bash ../scripts/backup.sh models/hu_core_news_md-parser-3.5.2
    - bash ../scripts/backup.sh models/hu_core_news_md-ner-3.5.2
  deps:
    - path: models/hu_core_news_md-ner-3.5.2
      md5: null
    - path: models/hu_core_news_md-parser-3.5.2
      md5: null
  outs: []
  spacy_version: 3.5.3
  spacy_git_version: Unknown
find_best_model:
  cmd: python -m spacy run find_best_model
  script:
    - rm -rf models/hu_core_news_md-ner-3.5.2
    - python ../scripts/link_best_model.py models/hu_core_news_md-ner-3.5.2 ents_f
    - rm -rf models/hu_core_news_md-parser-3.5.2
    - python ../scripts/link_best_model.py models/hu_core_news_md-parser-3.5.2 dep_las
  deps: []
  outs:
    - path: models/hu_core_news_md-ner-3.5.2
      md5: 4bfd972d2a7e1b66e27de852acf28c1d
    - path: models/hu_core_news_md-parser-3.5.2
      md5: 87ca9c4a351b5ee2a48222749836c0b0
  spacy_version: 3.5.3
  spacy_git_version: Unknown
package:
  cmd: python -m spacy run package
  script:
    - spacy package models/hu_core_news_md-3.5.2 packages --code ../huspacy/huspacy/components/edit_tree_lemmatizer.py,../huspacy/huspacy/components/lemma_postprocessing.py,../huspacy/huspacy/components/lookup_lemmatizer.py
      --build 'wheel' --meta meta.json --name core_news_md --version 3.5.2 --force
  deps:
    - path: models/hu_core_news_md-3.5.2
      md5: 4c99ff2f1b56562f95eb3f72368e9a4f
    - path: ../huspacy/huspacy/components/edit_tree_lemmatizer.py
      md5: a1ad2266a442eb87fbf937e9d6184dbb
    - path: ../huspacy/huspacy/components/lemma_postprocessing.py
      md5: 7db55fb36743704af1997ae07da596e0
    - path: ../huspacy/huspacy/components/lookup_lemmatizer.py
      md5: f177f0e6d74c4cd049f9698533cfe5bb
    - path: meta.json
      md5: ea125a83b59bf78469aba3a7fbf90dbb
  outs:
    - path: packages/hu_core_news_md-3.5.2/dist/hu_core_news_md-3.5.2-py3-none-any.whl
      md5: b6ecfef21ef895c26338795ba8ffe3cf
    - path: packages/hu_core_news_md-3.5.2/hu_core_news_md/hu_core_news_md-3.5.2
      md5: ad08708087e36c0fac0987472b11175a
  spacy_version: 3.5.3
  spacy_git_version: Unknown
smoke_test:
  cmd: python -m spacy run smoke_test
  script:
    - bash -c "PYTHONPATH=\"../huspacy\" python ../scripts/smoke_test.py packages/hu_core_news_md-3.5.2/hu_core_news_md/hu_core_news_md-3.5.2"
  deps:
    - path: packages/hu_core_news_md-3.5.2/hu_core_news_md/hu_core_news_md-3.5.2
      md5: ad08708087e36c0fac0987472b11175a
  outs: []
  spacy_version: 3.5.3
  spacy_git_version: Unknown
show_scores:
  cmd: python -m spacy run show_scores
  script:
    - bash -c "egrep '\"[a-z]+_(acc|.as|f)\"' packages/hu_core_news_md-3.5.2/hu_core_news_md/hu_core_news_md-3.5.2/meta.json
      | tr -d '\",' | cut -c 5-"
  deps:
    - path: packages/hu_core_news_md-3.5.2/hu_core_news_md/hu_core_news_md-3.5.2
      md5: ad08708087e36c0fac0987472b11175a
  outs: []
  spacy_version: 3.5.3
  spacy_git_version: Unknown
