preprocess:
  cmd: python -m spacy run preprocess
  script:
    - mkdir -p corpus/UD_Hungarian-Szeged
    - python -m spacy convert assets/UD_Hungarian-Szeged/hu_szeged-ud-train.conllu
      corpus/UD_Hungarian-Szeged/ --converter conllu --n-sents 10 --merge-subtokens
    - python -m spacy convert assets/UD_Hungarian-Szeged/hu_szeged-ud-dev.conllu corpus/UD_Hungarian-Szeged/
      --converter conllu --n-sents 10 --merge-subtokens
    - python -m spacy convert assets/UD_Hungarian-Szeged/hu_szeged-ud-test.conllu
      corpus/UD_Hungarian-Szeged/ --converter conllu --n-sents 10 --merge-subtokens
    - mv corpus/UD_Hungarian-Szeged/hu_szeged-ud-train.spacy corpus/UD_Hungarian-Szeged/train.spacy
    - mv corpus/UD_Hungarian-Szeged/hu_szeged-ud-dev.spacy corpus/UD_Hungarian-Szeged/dev.spacy
    - mv corpus/UD_Hungarian-Szeged/hu_szeged-ud-test.spacy corpus/UD_Hungarian-Szeged/test.spacy
  deps:
    - path: assets/UD_Hungarian-Szeged/hu_szeged-ud-train.conllu
      md5: e8581e733642908c106841fc1469ae89
    - path: assets/UD_Hungarian-Szeged/hu_szeged-ud-dev.conllu
      md5: 80ff7f86872655c1d7e3d5764387bc46
    - path: assets/UD_Hungarian-Szeged/hu_szeged-ud-test.conllu
      md5: dc824da852ac546914c331b58b0eb8f8
  outs:
    - path: corpus/UD_Hungarian-Szeged/train.spacy
      md5: ccb7f151ec17c3ba2178ecba612ceb09
    - path: corpus/UD_Hungarian-Szeged/dev.spacy
      md5: bb3c652b9a8d69a085a42a5c13f6f0ca
    - path: corpus/UD_Hungarian-Szeged/test.spacy
      md5: c2e9e1a1c49870e616ed6b5102b9ce9c
  spacy_version: 3.1.0
  spacy_git_version: 530b5d72f
vectors:
  cmd: python -m spacy run vectors
  script:
    - bash -c '/bin/bzcat assets/vectors/webcorpuswiki.word2vec.bz2 > assets/vectors/webcorpuswiki.word2vec.txt'
    - python -m spacy init vectors hu assets/vectors/webcorpuswiki.word2vec.txt assets/vectors/webcorpuswiki.word2vec.vec
  deps:
    - path: assets/vectors/webcorpuswiki.word2vec.bz2
      md5: 4a3055c54a6f9a5f806ba09b21cb4583
  outs:
    - path: assets/vectors/webcorpuswiki.word2vec.vec
      md5: 2da0f7354b5a7dc80256c2ccac42cbe1
  spacy_version: 3.1.0
  spacy_git_version: 530b5d72f
